
Microsoft Visual Studio Solution File, Format Version 12.00
# Visual Studio Version 17
VisualStudioVersion = 17.4.33213.308
MinimumVisualStudioVersion = 10.0.40219.1
Project("{FAE04EC0-301F-11D3-BF4B-00C04F79EFBC}") = "coffee machine", "coffee machine\coffee machine.csproj", "{3DACCBAD-DC85-4030-B304-9BF6900F2D8B}"
EndProject
Global
	GlobalSection(SolutionConfigurationPlatforms) = preSolution
		Debug|Any CPU = Debug|Any CPU
		Release|Any CPU = Release|Any CPU
	EndGlobalSection
	GlobalSection(ProjectConfigurationPlatforms) = postSolution
		{3DACCBAD-DC85-4030-B304-9BF6900F2D8B}.Debug|Any CPU.ActiveCfg = Debug|Any CPU
		{3DACCBAD-DC85-4030-B304-9BF6900F2D8B}.Debug|Any CPU.Build.0 = Debug|Any CPU
		{3DACCBAD-DC85-4030-B304-9BF6900F2D8B}.Release|Any CPU.ActiveCfg = Release|Any CPU
		{3DACCBAD-DC85-4030-B304-9BF6900F2D8B}.Release|Any CPU.Build.0 = Release|Any CPU
	EndGlobalSection
	GlobalSection(SolutionProperties) = preSolution
		HideSolutionNode = FALSE
	EndGlobalSection
	GlobalSection(ExtensibilityGlobals) = postSolution
		SolutionGuid = {F6B322CD-9E36-4596-8DCE-F67DE55140CE}
	EndGlobalSection
EndGlobal
